// !$*UTF8*$!
{
	archiveVersion = 1;
	classes = {
	};
	objectVersion = 56;
	objects = {

/* Begin PBXBuildFile section */
		545BEEEA29CBD08D0093C773 /* OnBoardingView.swift in Sources */ = {isa = PBXBuildFile; fileRef = 545BEEE929CBD08D0093C773 /* OnBoardingView.swift */; };
		545BEEEE29CBD7B00093C773 /* BankingViewModel.swift in Sources */ = {isa = PBXBuildFile; fileRef = 545BEEED29CBD7B00093C773 /* BankingViewModel.swift */; };
		545BEEF029CBD7C90093C773 /* BankingView.swift in Sources */ = {isa = PBXBuildFile; fileRef = 545BEEEF29CBD7C90093C773 /* BankingView.swift */; };
		545BEEF229CBD7DF0093C773 /* BankingModel.swift in Sources */ = {isa = PBXBuildFile; fileRef = 545BEEF129CBD7DF0093C773 /* BankingModel.swift */; };
		545BEEF429CBDAA40093C773 /* UIScreen Ext+.swift in Sources */ = {isa = PBXBuildFile; fileRef = 545BEEF329CBDAA40093C773 /* UIScreen Ext+.swift */; };
		545DD5E229C7967E00EB2355 /* RebankApp.swift in Sources */ = {isa = PBXBuildFile; fileRef = 545DD5E129C7967E00EB2355 /* RebankApp.swift */; };
		545DD5E429C7967E00EB2355 /* ContentView.swift in Sources */ = {isa = PBXBuildFile; fileRef = 545DD5E329C7967E00EB2355 /* ContentView.swift */; };
		545DD5E629C7968000EB2355 /* Assets.xcassets in Resources */ = {isa = PBXBuildFile; fileRef = 545DD5E529C7968000EB2355 /* Assets.xcassets */; };
		545DD5E929C7968000EB2355 /* Preview Assets.xcassets in Resources */ = {isa = PBXBuildFile; fileRef = 545DD5E829C7968000EB2355 /* Preview Assets.xcassets */; };
		545DD5F429C797C800EB2355 /* LoginView.swift in Sources */ = {isa = PBXBuildFile; fileRef = 545DD5F329C797C800EB2355 /* LoginView.swift */; };
		545DD5F829C797E200EB2355 /* LoginViewModel.swift in Sources */ = {isa = PBXBuildFile; fileRef = 545DD5F729C797E200EB2355 /* LoginViewModel.swift */; };
		545DD5FB29C7981A00EB2355 /* UserModel.swift in Sources */ = {isa = PBXBuildFile; fileRef = 545DD5FA29C7981A00EB2355 /* UserModel.swift */; };
		545DD5FF29C7C94F00EB2355 /* OnBoarding.swift in Sources */ = {isa = PBXBuildFile; fileRef = 545DD5FE29C7C94F00EB2355 /* OnBoarding.swift */; };
		545DD60129C7C99400EB2355 /* OnBoardingViewModel.swift in Sources */ = {isa = PBXBuildFile; fileRef = 545DD60029C7C99400EB2355 /* OnBoardingViewModel.swift */; };
/* End PBXBuildFile section */

/* Begin PBXFileReference section */
		545BEEE929CBD08D0093C773 /* OnBoardingView.swift */ = {isa = PBXFileReference; lastKnownFileType = sourcecode.swift; path = OnBoardingView.swift; sourceTree = "<group>"; };
		545BEEED29CBD7B00093C773 /* BankingViewModel.swift */ = {isa = PBXFileReference; lastKnownFileType = sourcecode.swift; path = BankingViewModel.swift; sourceTree = "<group>"; };
		545BEEEF29CBD7C90093C773 /* BankingView.swift */ = {isa = PBXFileReference; lastKnownFileType = sourcecode.swift; path = BankingView.swift; sourceTree = "<group>"; };
		545BEEF129CBD7DF0093C773 /* BankingModel.swift */ = {isa = PBXFileReference; lastKnownFileType = sourcecode.swift; path = BankingModel.swift; sourceTree = "<group>"; };
		545BEEF329CBDAA40093C773 /* UIScreen Ext+.swift */ = {isa = PBXFileReference; lastKnownFileType = sourcecode.swift; path = "UIScreen Ext+.swift"; sourceTree = "<group>"; };
		545DD5DE29C7967E00EB2355 /* Rebank.app */ = {isa = PBXFileReference; explicitFileType = wrapper.application; includeInIndex = 0; path = Rebank.app; sourceTree = BUILT_PRODUCTS_DIR; };
		545DD5E129C7967E00EB2355 /* RebankApp.swift */ = {isa = PBXFileReference; lastKnownFileType = sourcecode.swift; path = RebankApp.swift; sourceTree = "<group>"; };
		545DD5E329C7967E00EB2355 /* ContentView.swift */ = {isa = PBXFileReference; lastKnownFileType = sourcecode.swift; path = ContentView.swift; sourceTree = "<group>"; };
		545DD5E529C7968000EB2355 /* Assets.xcassets */ = {isa = PBXFileReference; lastKnownFileType = folder.assetcatalog; path = Assets.xcassets; sourceTree = "<group>"; };
		545DD5E829C7968000EB2355 /* Preview Assets.xcassets */ = {isa = PBXFileReference; lastKnownFileType = folder.assetcatalog; path = "Preview Assets.xcassets"; sourceTree = "<group>"; };
		545DD5F329C797C800EB2355 /* LoginView.swift */ = {isa = PBXFileReference; lastKnownFileType = sourcecode.swift; path = LoginView.swift; sourceTree = "<group>"; };
		545DD5F729C797E200EB2355 /* LoginViewModel.swift */ = {isa = PBXFileReference; lastKnownFileType = sourcecode.swift; path = LoginViewModel.swift; sourceTree = "<group>"; };
		545DD5FA29C7981A00EB2355 /* UserModel.swift */ = {isa = PBXFileReference; lastKnownFileType = sourcecode.swift; path = UserModel.swift; sourceTree = "<group>"; };
		545DD5FE29C7C94F00EB2355 /* OnBoarding.swift */ = {isa = PBXFileReference; lastKnownFileType = sourcecode.swift; path = OnBoarding.swift; sourceTree = "<group>"; };
		545DD60029C7C99400EB2355 /* OnBoardingViewModel.swift */ = {isa = PBXFileReference; lastKnownFileType = sourcecode.swift; path = OnBoardingViewModel.swift; sourceTree = "<group>"; };
		545DD60229C7CFEB00EB2355 /* Info.plist */ = {isa = PBXFileReference; lastKnownFileType = text.plist; path = Info.plist; sourceTree = "<group>"; };
/* End PBXFileReference section */

/* Begin PBXFrameworksBuildPhase section */
		545DD5DB29C7967E00EB2355 /* Frameworks */ = {
			isa = PBXFrameworksBuildPhase;
			buildActionMask = 2147483647;
			files = (
			);
			runOnlyForDeploymentPostprocessing = 0;
		};
/* End PBXFrameworksBuildPhase section */

/* Begin PBXGroup section */
		545DD5D529C7967E00EB2355 = {
			isa = PBXGroup;
			children = (
				545DD5E029C7967E00EB2355 /* Rebank */,
				545DD5DF29C7967E00EB2355 /* Products */,
			);
			sourceTree = "<group>";
		};
		545DD5DF29C7967E00EB2355 /* Products */ = {
			isa = PBXGroup;
			children = (
				545DD5DE29C7967E00EB2355 /* Rebank.app */,
			);
			name = Products;
			sourceTree = "<group>";
		};
		545DD5E029C7967E00EB2355 /* Rebank */ = {
			isa = PBXGroup;
			children = (
				545DD60229C7CFEB00EB2355 /* Info.plist */,
				545DD5E129C7967E00EB2355 /* RebankApp.swift */,
				545DD5F229C797AF00EB2355 /* Extensions */,
				545DD5F129C797A800EB2355 /* ViewModel */,
				545DD5F029C797A300EB2355 /* View */,
				545DD5EF29C7979C00EB2355 /* Model */,
				545DD5E529C7968000EB2355 /* Assets.xcassets */,
				545DD5E729C7968000EB2355 /* Preview Content */,
			);
			path = Rebank;
			sourceTree = "<group>";
		};
		545DD5E729C7968000EB2355 /* Preview Content */ = {
			isa = PBXGroup;
			children = (
				545DD5E829C7968000EB2355 /* Preview Assets.xcassets */,
			);
			path = "Preview Content";
			sourceTree = "<group>";
		};
		545DD5EF29C7979C00EB2355 /* Model */ = {
			isa = PBXGroup;
			children = (
				545DD5FA29C7981A00EB2355 /* UserModel.swift */,
				545BEEF129CBD7DF0093C773 /* BankingModel.swift */,
			);
			path = Model;
			sourceTree = "<group>";
		};
		545DD5F029C797A300EB2355 /* View */ = {
			isa = PBXGroup;
			children = (
				545DD5E329C7967E00EB2355 /* ContentView.swift */,
				545DD5F329C797C800EB2355 /* LoginView.swift */,
				545DD5FE29C7C94F00EB2355 /* OnBoarding.swift */,
				545BEEE929CBD08D0093C773 /* OnBoardingView.swift */,
				545BEEEF29CBD7C90093C773 /* BankingView.swift */,
			);
			path = View;
			sourceTree = "<group>";
		};
		545DD5F129C797A800EB2355 /* ViewModel */ = {
			isa = PBXGroup;
			children = (
				545DD5F729C797E200EB2355 /* LoginViewModel.swift */,
				545DD60029C7C99400EB2355 /* OnBoardingViewModel.swift */,
				545BEEED29CBD7B00093C773 /* BankingViewModel.swift */,
			);
			path = ViewModel;
			sourceTree = "<group>";
		};
		545DD5F229C797AF00EB2355 /* Extensions */ = {
			isa = PBXGroup;
			children = (
				545BEEF329CBDAA40093C773 /* UIScreen Ext+.swift */,
			);
			path = Extensions;
			sourceTree = "<group>";
		};
/* End PBXGroup section */

/* Begin PBXNativeTarget section */
		545DD5DD29C7967E00EB2355 /* Rebank */ = {
			isa = PBXNativeTarget;
			buildConfigurationList = 545DD5EC29C7968000EB2355 /* Build configuration list for PBXNativeTarget "Rebank" */;
			buildPhases = (
				545DD5DA29C7967E00EB2355 /* Sources */,
				545DD5DB29C7967E00EB2355 /* Frameworks */,
				545DD5DC29C7967E00EB2355 /* Resources */,
			);
			buildRules = (
			);
			dependencies = (
			);
			name = Rebank;
			productName = Rebank;
			productReference = 545DD5DE29C7967E00EB2355 /* Rebank.app */;
			productType = "com.apple.product-type.application";
		};
/* End PBXNativeTarget section */

/* Begin PBXProject section */
		545DD5D629C7967E00EB2355 /* Project object */ = {
			isa = PBXProject;
			attributes = {
				BuildIndependentTargetsInParallel = 1;
				LastSwiftUpdateCheck = 1420;
				LastUpgradeCheck = 1420;
				TargetAttributes = {
					545DD5DD29C7967E00EB2355 = {
						CreatedOnToolsVersion = 14.2;
					};
				};
			};
			buildConfigurationList = 545DD5D929C7967E00EB2355 /* Build configuration list for PBXProject "Rebank" */;
			compatibilityVersion = "Xcode 14.0";
			developmentRegion = en;
			hasScannedForEncodings = 0;
			knownRegions = (
				en,
				Base,
			);
			mainGroup = 545DD5D529C7967E00EB2355;
			productRefGroup = 545DD5DF29C7967E00EB2355 /* Products */;
			projectDirPath = "";
			projectRoot = "";
			targets = (
				545DD5DD29C7967E00EB2355 /* Rebank */,
			);
		};
/* End PBXProject section */

/* Begin PBXResourcesBuildPhase section */
		545DD5DC29C7967E00EB2355 /* Resources */ = {
			isa = PBXResourcesBuildPhase;
			buildActionMask = 2147483647;
			files = (
				545DD5E929C7968000EB2355 /* Preview Assets.xcassets in Resources */,
				545DD5E629C7968000EB2355 /* Assets.xcassets in Resources */,
			);
			runOnlyForDeploymentPostprocessing = 0;
		};
/* End PBXResourcesBuildPhase section */

/* Begin PBXSourcesBuildPhase section */
		545DD5DA29C7967E00EB2355 /* Sources */ = {
			isa = PBXSourcesBuildPhase;
			buildActionMask = 2147483647;
			files = (
				545DD5F829C797E200EB2355 /* LoginViewModel.swift in Sources */,
				545DD5F429C797C800EB2355 /* LoginView.swift in Sources */,
				545DD60129C7C99400EB2355 /* OnBoardingViewModel.swift in Sources */,
				545DD5E429C7967E00EB2355 /* ContentView.swift in Sources */,
				545DD5FB29C7981A00EB2355 /* UserModel.swift in Sources */,
				545BEEF229CBD7DF0093C773 /* BankingModel.swift in Sources */,
				545BEEEA29CBD08D0093C773 /* OnBoardingView.swift in Sources */,
				545DD5FF29C7C94F00EB2355 /* OnBoarding.swift in Sources */,
				545BEEF429CBDAA40093C773 /* UIScreen Ext+.swift in Sources */,
				545BEEF029CBD7C90093C773 /* BankingView.swift in Sources */,
				545DD5E229C7967E00EB2355 /* RebankApp.swift in Sources */,
				545BEEEE29CBD7B00093C773 /* BankingViewModel.swift in Sources */,
			);
			runOnlyForDeploymentPostprocessing = 0;
		};
/* End PBXSourcesBuildPhase section */

/* Begin XCBuildConfiguration section */
		545DD5EA29C7968000EB2355 /* Debug */ = {
			isa = XCBuildConfiguration;
			buildSettings = {
				ALWAYS_SEARCH_USER_PATHS = NO;
				CLANG_ANALYZER_NONNULL = YES;
				CLANG_ANALYZER_NUMBER_OBJECT_CONVERSION = YES_AGGRESSIVE;
				CLANG_CXX_LANGUAGE_STANDARD = "gnu++20";
				CLANG_ENABLE_MODULES = YES;
				CLANG_ENABLE_OBJC_ARC = YES;
				CLANG_ENABLE_OBJC_WEAK = YES;
				CLANG_WARN_BLOCK_CAPTURE_AUTORELEASING = YES;
				CLANG_WARN_BOOL_CONVERSION = YES;
				CLANG_WARN_COMMA = YES;
				CLANG_WARN_CONSTANT_CONVERSION = YES;
				CLANG_WARN_DEPRECATED_OBJC_IMPLEMENTATIONS = YES;
				CLANG_WARN_DIRECT_OBJC_ISA_USAGE = YES_ERROR;
				CLANG_WARN_DOCUMENTATION_COMMENTS = YES;
				CLANG_WARN_EMPTY_BODY = YES;
				CLANG_WARN_ENUM_CONVERSION = YES;
				CLANG_WARN_INFINITE_RECURSION = YES;
				CLANG_WARN_INT_CONVERSION = YES;
				CLANG_WARN_NON_LITERAL_NULL_CONVERSION = YES;
				CLANG_WARN_OBJC_IMPLICIT_RETAIN_SELF = YES;
				CLANG_WARN_OBJC_LITERAL_CONVERSION = YES;
				CLANG_WARN_OBJC_ROOT_CLASS = YES_ERROR;
				CLANG_WARN_QUOTED_INCLUDE_IN_FRAMEWORK_HEADER = YES;
				CLANG_WARN_RANGE_LOOP_ANALYSIS = YES;
				CLANG_WARN_STRICT_PROTOTYPES = YES;
				CLANG_WARN_SUSPICIOUS_MOVE = YES;
				CLANG_WARN_UNGUARDED_AVAILABILITY = YES_AGGRESSIVE;
				CLANG_WARN_UNREACHABLE_CODE = YES;
				CLANG_WARN__DUPLICATE_METHOD_MATCH = YES;
				COPY_PHASE_STRIP = NO;
				DEBUG_INFORMATION_FORMAT = dwarf;
				ENABLE_STRICT_OBJC_MSGSEND = YES;
				ENABLE_TESTABILITY = YES;
				GCC_C_LANGUAGE_STANDARD = gnu11;
				GCC_DYNAMIC_NO_PIC = NO;
				GCC_NO_COMMON_BLOCKS = YES;
				GCC_OPTIMIZATION_LEVEL = 0;
				GCC_PREPROCESSOR_DEFINITIONS = (
					"DEBUG=1",
					"$(inherited)",
				);
				GCC_WARN_64_TO_32_BIT_CONVERSION = YES;
				GCC_WARN_ABOUT_RETURN_TYPE = YES_ERROR;
				GCC_WARN_UNDECLARED_SELECTOR = YES;
				GCC_WARN_UNINITIALIZED_AUTOS = YES_AGGRESSIVE;
				GCC_WARN_UNUSED_FUNCTION = YES;
				GCC_WARN_UNUSED_VARIABLE = YES;
				IPHONEOS_DEPLOYMENT_TARGET = 16.2;
				MTL_ENABLE_DEBUG_INFO = INCLUDE_SOURCE;
				MTL_FAST_MATH = YES;
				ONLY_ACTIVE_ARCH = YES;
				SDKROOT = iphoneos;
				SWIFT_ACTIVE_COMPILATION_CONDITIONS = DEBUG;
				SWIFT_OPTIMIZATION_LEVEL = "-Onone";
			};
			name = Debug;
		};
		545DD5EB29C7968000EB2355 /* Release */ = {
			isa = XCBuildConfiguration;
			buildSettings = {
				ALWAYS_SEARCH_USER_PATHS = NO;
				CLANG_ANALYZER_NONNULL = YES;
				CLANG_ANALYZER_NUMBER_OBJECT_CONVERSION = YES_AGGRESSIVE;
				CLANG_CXX_LANGUAGE_STANDARD = "gnu++20";
				CLANG_ENABLE_MODULES = YES;
				CLANG_ENABLE_OBJC_ARC = YES;
				CLANG_ENABLE_OBJC_WEAK = YES;
				CLANG_WARN_BLOCK_CAPTURE_AUTORELEASING = YES;
				CLANG_WARN_BOOL_CONVERSION = YES;
				CLANG_WARN_COMMA = YES;
				CLANG_WARN_CONSTANT_CONVERSION = YES;
				CLANG_WARN_DEPRECATED_OBJC_IMPLEMENTATIONS = YES;
				CLANG_WARN_DIRECT_OBJC_ISA_USAGE = YES_ERROR;
				CLANG_WARN_DOCUMENTATION_COMMENTS = YES;
				CLANG_WARN_EMPTY_BODY = YES;
				CLANG_WARN_ENUM_CONVERSION = YES;
				CLANG_WARN_INFINITE_RECURSION = YES;
				CLANG_WARN_INT_CONVERSION = YES;
				CLANG_WARN_NON_LITERAL_NULL_CONVERSION = YES;
				CLANG_WARN_OBJC_IMPLICIT_RETAIN_SELF = YES;
				CLANG_WARN_OBJC_LITERAL_CONVERSION = YES;
				CLANG_WARN_OBJC_ROOT_CLASS = YES_ERROR;
				CLANG_WARN_QUOTED_INCLUDE_IN_FRAMEWORK_HEADER = YES;
				CLANG_WARN_RANGE_LOOP_ANALYSIS = YES;
				CLANG_WARN_STRICT_PROTOTYPES = YES;
				CLANG_WARN_SUSPICIOUS_MOVE = YES;
				CLANG_WARN_UNGUARDED_AVAILABILITY = YES_AGGRESSIVE;
				CLANG_WARN_UNREACHABLE_CODE = YES;
				CLANG_WARN__DUPLICATE_METHOD_MATCH = YES;
				COPY_PHASE_STRIP = NO;
				DEBUG_INFORMATION_FORMAT = "dwarf-with-dsym";
				ENABLE_NS_ASSERTIONS = NO;
				ENABLE_STRICT_OBJC_MSGSEND = YES;
				GCC_C_LANGUAGE_STANDARD = gnu11;
				GCC_NO_COMMON_BLOCKS = YES;
				GCC_WARN_64_TO_32_BIT_CONVERSION = YES;
				GCC_WARN_ABOUT_RETURN_TYPE = YES_ERROR;
				GCC_WARN_UNDECLARED_SELECTOR = YES;
				GCC_WARN_UNINITIALIZED_AUTOS = YES_AGGRESSIVE;
				GCC_WARN_UNUSED_FUNCTION = YES;
				GCC_WARN_UNUSED_VARIABLE = YES;
				IPHONEOS_DEPLOYMENT_TARGET = 16.2;
				MTL_ENABLE_DEBUG_INFO = NO;
				MTL_FAST_MATH = YES;
				SDKROOT = iphoneos;
				SWIFT_COMPILATION_MODE = wholemodule;
				SWIFT_OPTIMIZATION_LEVEL = "-O";
				VALIDATE_PRODUCT = YES;
			};
			name = Release;
		};
		545DD5ED29C7968000EB2355 /* Debug */ = {
			isa = XCBuildConfiguration;
			buildSettings = {
				ASSETCATALOG_COMPILER_APPICON_NAME = AppIcon;
				ASSETCATALOG_COMPILER_GLOBAL_ACCENT_COLOR_NAME = AccentColor;
				CODE_SIGN_STYLE = Automatic;
				CURRENT_PROJECT_VERSION = 1;
				DEVELOPMENT_ASSET_PATHS = "\"Rebank/Preview Content\"";
				DEVELOPMENT_TEAM = NJ3YBT6N93;
				ENABLE_PREVIEWS = YES;
				GENERATE_INFOPLIST_FILE = YES;
				INFOPLIST_FILE = Rebank/Info.plist;
				INFOPLIST_KEY_UIApplicationSupportsIndirectInputEvents = YES;
				INFOPLIST_KEY_UILaunchScreen_Generation = YES;
				INFOPLIST_KEY_UISupportedInterfaceOrientations_iPad = "UIInterfaceOrientationPortrait UIInterfaceOrientationPortraitUpsideDown UIInterfaceOrientationLandscapeLeft UIInterfaceOrientationLandscapeRight";
				INFOPLIST_KEY_UISupportedInterfaceOrientations_iPhone = "UIInterfaceOrientationPortrait UIInterfaceOrientationLandscapeLeft UIInterfaceOrientationLandscapeRight";
				LD_RUNPATH_SEARCH_PATHS = (
					"$(inherited)",
					"@executable_path/Frameworks",
				);
				MARKETING_VERSION = 1.0;
				PRODUCT_BUNDLE_IDENTIFIER = com.mertcankirci.Rebank;
				PRODUCT_NAME = "$(TARGET_NAME)";
				SWIFT_EMIT_LOC_STRINGS = YES;
				SWIFT_VERSION = 5.0;
				TARGETED_DEVICE_FAMILY = "1,2";
			};
			name = Debug;
		};
		545DD5EE29C7968000EB2355 /* Release */ = {
			isa = XCBuildConfiguration;
			buildSettings = {
				ASSETCATALOG_COMPILER_APPICON_NAME = AppIcon;
				ASSETCATALOG_COMPILER_GLOBAL_ACCENT_COLOR_NAME = AccentColor;
				CODE_SIGN_STYLE = Automatic;
				CURRENT_PROJECT_VERSION = 1;
				DEVELOPMENT_ASSET_PATHS = "\"Rebank/Preview Content\"";
				DEVELOPMENT_TEAM = NJ3YBT6N93;
				ENABLE_PREVIEWS = YES;
				GENERATE_INFOPLIST_FILE = YES;
				INFOPLIST_FILE = Rebank/Info.plist;
				INFOPLIST_KEY_UIApplicationSupportsIndirectInputEvents = YES;
				INFOPLIST_KEY_UILaunchScreen_Generation = YES;
				INFOPLIST_KEY_UISupportedInterfaceOrientations_iPad = "UIInterfaceOrientationPortrait UIInterfaceOrientationPortraitUpsideDown UIInterfaceOrientationLandscapeLeft UIInterfaceOrientationLandscapeRight";
				INFOPLIST_KEY_UISupportedInterfaceOrientations_iPhone = "UIInterfaceOrientationPortrait UIInterfaceOrientationLandscapeLeft UIInterfaceOrientationLandscapeRight";
				LD_RUNPATH_SEARCH_PATHS = (
					"$(inherited)",
					"@executable_path/Frameworks",
				);
				MARKETING_VERSION = 1.0;
				PRODUCT_BUNDLE_IDENTIFIER = com.mertcankirci.Rebank;
				PRODUCT_NAME = "$(TARGET_NAME)";
				SWIFT_EMIT_LOC_STRINGS = YES;
				SWIFT_VERSION = 5.0;
				TARGETED_DEVICE_FAMILY = "1,2";
			};
			name = Release;
		};
/* End XCBuildConfiguration section */

/* Begin XCConfigurationList section */
		545DD5D929C7967E00EB2355 /* Build configuration list for PBXProject "Rebank" */ = {
			isa = XCConfigurationList;
			buildConfigurations = (
				545DD5EA29C7968000EB2355 /* Debug */,
				545DD5EB29C7968000EB2355 /* Release */,
			);
			defaultConfigurationIsVisible = 0;
			defaultConfigurationName = Release;
		};
		545DD5EC29C7968000EB2355 /* Build configuration list for PBXNativeTarget "Rebank" */ = {
			isa = XCConfigurationList;
			buildConfigurations = (
				545DD5ED29C7968000EB2355 /* Debug */,
				545DD5EE29C7968000EB2355 /* Release */,
			);
			defaultConfigurationIsVisible = 0;
			defaultConfigurationName = Release;
		};
/* End XCConfigurationList section */
	};
	rootObject = 545DD5D629C7967E00EB2355 /* Project object */;
}
